// !$*UTF8*$!
{
	archiveVersion = 1;
	classes = {
	};
	objectVersion = 46;
	objects = {

/* Begin PBXBuildFile section */
		233D26951108C0A5002D0C6A /* ffavbase.cpp in Sources */ = {isa = PBXBuildFile; fileRef = 233D26901108C0A5002D0C6A /* ffavbase.cpp */; };
		233D26971108C0A5002D0C6A /* main.cpp in Sources */ = {isa = PBXBuildFile; fileRef = 233D26941108C0A5002D0C6A /* main.cpp */; };
		233D26A61108C21C002D0C6A /* ffavcodec.cpp in Sources */ = {isa = PBXBuildFile; fileRef = 233D26A51108C21C002D0C6A /* ffavcodec.cpp */; };
		233D26AD1108C284002D0C6A /* ffavfile.cpp in Sources */ = {isa = PBXBuildFile; fileRef = 233D26AC1108C284002D0C6A /* ffavfile.cpp */; };
		233D270A1108D8A2002D0C6A /* libavcodec.52.dylib in Frameworks */ = {isa = PBXBuildFile; fileRef = 233D27091108D8A2002D0C6A /* libavcodec.52.dylib */; };
		233D270C1108D8A2002D0C6A /* libavformat.dylib in Frameworks */ = {isa = PBXBuildFile; fileRef = 233D270B1108D8A2002D0C6A /* libavformat.dylib */; };
		233D270E1108D8A2002D0C6A /* libavutil.dylib in Frameworks */ = {isa = PBXBuildFile; fileRef = 233D270D1108D8A2002D0C6A /* libavutil.dylib */; };
		233D27951108FAE9002D0C6A /* ffavring.cpp in Sources */ = {isa = PBXBuildFile; fileRef = 233D27931108FAE9002D0C6A /* ffavring.cpp */; };
		233D27D5110900A4002D0C6A /* histogram.cpp in Sources */ = {isa = PBXBuildFile; fileRef = 233D26921108C0A5002D0C6A /* histogram.cpp */; };
		23504D45110BC3A000CC3D1C /* ffavthread.cpp in Sources */ = {isa = PBXBuildFile; fileRef = 23504D44110BC3A000CC3D1C /* ffavthread.cpp */; };
		2350529E110F26CB00CC3D1C /* lodepng.cpp in Sources */ = {isa = PBXBuildFile; fileRef = 2350529C110F26CB00CC3D1C /* lodepng.cpp */; };
		235052A8110F281500CC3D1C /* ffavimage.cpp in Sources */ = {isa = PBXBuildFile; fileRef = 235052A7110F281500CC3D1C /* ffavimage.cpp */; };
/* End PBXBuildFile section */

/* Begin PBXFileReference section */
		233D26761108BF45002D0C6A /* histogramd */ = {isa = PBXFileReference; explicitFileType = "compiled.mach-o.executable"; includeInIndex = 0; path = histogramd; sourceTree = BUILT_PRODUCTS_DIR; };
		233D26901108C0A5002D0C6A /* ffavbase.cpp */ = {isa = PBXFileReference; fileEncoding = 4; lastKnownFileType = sourcecode.cpp.cpp; path = ffavbase.cpp; sourceTree = "<group>"; };
		233D26911108C0A5002D0C6A /* ffavbase.h */ = {isa = PBXFileReference; fileEncoding = 4; lastKnownFileType = sourcecode.c.h; path = ffavbase.h; sourceTree = "<group>"; };
		233D26921108C0A5002D0C6A /* histogram.cpp */ = {isa = PBXFileReference; fileEncoding = 4; lastKnownFileType = sourcecode.cpp.cpp; path = histogram.cpp; sourceTree = "<group>"; };
		233D26931108C0A5002D0C6A /* histogram.h */ = {isa = PBXFileReference; fileEncoding = 4; lastKnownFileType = sourcecode.c.h; path = histogram.h; sourceTree = "<group>"; };
		233D26941108C0A5002D0C6A /* main.cpp */ = {isa = PBXFileReference; fileEncoding = 4; lastKnownFileType = sourcecode.cpp.cpp; path = main.cpp; sourceTree = "<group>"; };
		233D26A41108C21C002D0C6A /* ffavcodec.h */ = {isa = PBXFileReference; fileEncoding = 4; lastKnownFileType = sourcecode.c.h; path = ffavcodec.h; sourceTree = "<group>"; };
		233D26A51108C21C002D0C6A /* ffavcodec.cpp */ = {isa = PBXFileReference; fileEncoding = 4; lastKnownFileType = sourcecode.cpp.cpp; path = ffavcodec.cpp; sourceTree = "<group>"; };
		233D26AB1108C284002D0C6A /* ffavfile.h */ = {isa = PBXFileReference; fileEncoding = 4; lastKnownFileType = sourcecode.c.h; path = ffavfile.h; sourceTree = "<group>"; };
		233D26AC1108C284002D0C6A /* ffavfile.cpp */ = {isa = PBXFileReference; fileEncoding = 4; lastKnownFileType = sourcecode.cpp.cpp; path = ffavfile.cpp; sourceTree = "<group>"; };
		233D26B31108C2D4002D0C6A /* ffaverror.h */ = {isa = PBXFileReference; fileEncoding = 4; lastKnownFileType = sourcecode.c.h; path = ffaverror.h; sourceTree = "<group>"; };
		233D27091108D8A2002D0C6A /* libavcodec.52.dylib */ = {isa = PBXFileReference; lastKnownFileType = "compiled.mach-o.dylib"; name = libavcodec.52.dylib; path = /usr/lib/libavcodec.52.dylib; sourceTree = "<absolute>"; };
		233D270B1108D8A2002D0C6A /* libavformat.dylib */ = {isa = PBXFileReference; lastKnownFileType = "compiled.mach-o.dylib"; name = libavformat.dylib; path = /usr/lib/libavformat.dylib; sourceTree = "<absolute>"; };
		233D270D1108D8A2002D0C6A /* libavutil.dylib */ = {isa = PBXFileReference; lastKnownFileType = "compiled.mach-o.dylib"; name = libavutil.dylib; path = /usr/lib/libavutil.dylib; sourceTree = "<absolute>"; };
		233D27931108FAE9002D0C6A /* ffavring.cpp */ = {isa = PBXFileReference; fileEncoding = 4; lastKnownFileType = sourcecode.cpp.cpp; path = ffavring.cpp; sourceTree = "<group>"; };
		233D27941108FAE9002D0C6A /* ffavring.h */ = {isa = PBXFileReference; fileEncoding = 4; lastKnownFileType = sourcecode.c.h; path = ffavring.h; sourceTree = "<group>"; };
		23504D43110BC3A000CC3D1C /* ffavthread.h */ = {isa = PBXFileReference; fileEncoding = 4; lastKnownFileType = sourcecode.c.h; path = ffavthread.h; sourceTree = "<group>"; };
		23504D44110BC3A000CC3D1C /* ffavthread.cpp */ = {isa = PBXFileReference; fileEncoding = 4; lastKnownFileType = sourcecode.cpp.cpp; path = ffavthread.cpp; sourceTree = "<group>"; };
		2350529C110F26CB00CC3D1C /* lodepng.cpp */ = {isa = PBXFileReference; fileEncoding = 4; lastKnownFileType = sourcecode.cpp.cpp; path = lodepng.cpp; sourceTree = "<group>"; };
		2350529D110F26CB00CC3D1C /* lodepng.h */ = {isa = PBXFileReference; fileEncoding = 4; lastKnownFileType = sourcecode.c.h; path = lodepng.h; sourceTree = "<group>"; };
		235052A6110F281500CC3D1C /* ffavimage.h */ = {isa = PBXFileReference; fileEncoding = 4; lastKnownFileType = sourcecode.c.h; path = ffavimage.h; sourceTree = "<group>"; };
		235052A7110F281500CC3D1C /* ffavimage.cpp */ = {isa = PBXFileReference; fileEncoding = 4; lastKnownFileType = sourcecode.cpp.cpp; path = ffavimage.cpp; sourceTree = "<group>"; };
		235EFF7E111158D400A7B957 /* CMakeLists.txt */ = {isa = PBXFileReference; fileEncoding = 4; lastKnownFileType = text; path = CMakeLists.txt; sourceTree = "<group>"; };
/* End PBXFileReference section */

/* Begin PBXFrameworksBuildPhase section */
		233D26741108BF45002D0C6A /* Frameworks */ = {
			isa = PBXFrameworksBuildPhase;
			buildActionMask = 2147483647;
			files = (
				233D270A1108D8A2002D0C6A /* libavcodec.52.dylib in Frameworks */,
				233D270C1108D8A2002D0C6A /* libavformat.dylib in Frameworks */,
				233D270E1108D8A2002D0C6A /* libavutil.dylib in Frameworks */,
			);
			runOnlyForDeploymentPostprocessing = 0;
		};
/* End PBXFrameworksBuildPhase section */

/* Begin PBXGroup section */
		233D26611108BE2A002D0C6A = {
			isa = PBXGroup;
			children = (
				235EFF7D111158C300A7B957 /* stuff */,
				2350527E110F205C00CC3D1C /* 3rd */,
				233D27CD1108FF83002D0C6A /* libs */,
				233D266B1108BE2F002D0C6A /* src */,
				233D26771108BF45002D0C6A /* Products */,
			);
			sourceTree = "<group>";
		};
		233D266B1108BE2F002D0C6A /* src */ = {
			isa = PBXGroup;
			children = (
				233D26941108C0A5002D0C6A /* main.cpp */,
				233D26931108C0A5002D0C6A /* histogram.h */,
				233D26921108C0A5002D0C6A /* histogram.cpp */,
				233D26911108C0A5002D0C6A /* ffavbase.h */,
				233D26901108C0A5002D0C6A /* ffavbase.cpp */,
				23504D43110BC3A000CC3D1C /* ffavthread.h */,
				23504D44110BC3A000CC3D1C /* ffavthread.cpp */,
				233D26A41108C21C002D0C6A /* ffavcodec.h */,
				233D26A51108C21C002D0C6A /* ffavcodec.cpp */,
				233D26AB1108C284002D0C6A /* ffavfile.h */,
				233D26AC1108C284002D0C6A /* ffavfile.cpp */,
				233D27941108FAE9002D0C6A /* ffavring.h */,
				233D27931108FAE9002D0C6A /* ffavring.cpp */,
				233D26B31108C2D4002D0C6A /* ffaverror.h */,
				235052A6110F281500CC3D1C /* ffavimage.h */,
				235052A7110F281500CC3D1C /* ffavimage.cpp */,
			);
			path = src;
			sourceTree = "<group>";
		};
		233D26771108BF45002D0C6A /* Products */ = {
			isa = PBXGroup;
			children = (
				233D26761108BF45002D0C6A /* histogramd */,
			);
			name = Products;
			sourceTree = "<group>";
		};
		233D27CD1108FF83002D0C6A /* libs */ = {
			isa = PBXGroup;
			children = (
				233D27091108D8A2002D0C6A /* libavcodec.52.dylib */,
				233D270B1108D8A2002D0C6A /* libavformat.dylib */,
				233D270D1108D8A2002D0C6A /* libavutil.dylib */,
			);
			name = libs;
			sourceTree = "<group>";
		};
		2350527E110F205C00CC3D1C /* 3rd */ = {
			isa = PBXGroup;
			children = (
				2350529C110F26CB00CC3D1C /* lodepng.cpp */,
				2350529D110F26CB00CC3D1C /* lodepng.h */,
			);
			path = 3rd;
			sourceTree = "<group>";
		};
		235EFF7D111158C300A7B957 /* stuff */ = {
			isa = PBXGroup;
			children = (
				235EFF7E111158D400A7B957 /* CMakeLists.txt */,
			);
			name = stuff;
			sourceTree = "<group>";
		};
/* End PBXGroup section */

/* Begin PBXNativeTarget section */
		233D26751108BF45002D0C6A /* histogramd */ = {
			isa = PBXNativeTarget;
			buildConfigurationList = 233D267B1108BF46002D0C6A /* Build configuration list for PBXNativeTarget "histogramd" */;
			buildPhases = (
				233D26731108BF45002D0C6A /* Sources */,
				233D26741108BF45002D0C6A /* Frameworks */,
			);
			buildRules = (
			);
			dependencies = (
			);
			name = histogramd;
			productName = histogramd;
			productReference = 233D26761108BF45002D0C6A /* histogramd */;
			productType = "com.apple.product-type.tool";
		};
/* End PBXNativeTarget section */

/* Begin PBXProject section */
		233D26631108BE2A002D0C6A /* Project object */ = {
			isa = PBXProject;
			attributes = {
				BuildIndependentTargetsInParallel = YES;
				ORGANIZATIONNAME = "White Label ltd";
			};
			buildConfigurationList = 233D26661108BE2A002D0C6A /* Build configuration list for PBXProject "histogramd" */;
			compatibilityVersion = "Xcode 3.2";
			hasScannedForEncodings = 0;
			mainGroup = 233D26611108BE2A002D0C6A;
			productRefGroup = 233D26771108BF45002D0C6A /* Products */;
			projectDirPath = "";
			projectRoot = "";
			targets = (
				233D26751108BF45002D0C6A /* histogramd */,
			);
		};
/* End PBXProject section */

/* Begin PBXSourcesBuildPhase section */
		233D26731108BF45002D0C6A /* Sources */ = {
			isa = PBXSourcesBuildPhase;
			buildActionMask = 2147483647;
			files = (
				233D26971108C0A5002D0C6A /* main.cpp in Sources */,
				233D27D5110900A4002D0C6A /* histogram.cpp in Sources */,
				233D26951108C0A5002D0C6A /* ffavbase.cpp in Sources */,
				233D26A61108C21C002D0C6A /* ffavcodec.cpp in Sources */,
				233D26AD1108C284002D0C6A /* ffavfile.cpp in Sources */,
				233D27951108FAE9002D0C6A /* ffavring.cpp in Sources */,
				23504D45110BC3A000CC3D1C /* ffavthread.cpp in Sources */,
				2350529E110F26CB00CC3D1C /* lodepng.cpp in Sources */,
				235052A8110F281500CC3D1C /* ffavimage.cpp in Sources */,
			);
			runOnlyForDeploymentPostprocessing = 0;
		};
/* End PBXSourcesBuildPhase section */

/* Begin XCBuildConfiguration section */
		233D26641108BE2A002D0C6A /* Debug */ = {
			isa = XCBuildConfiguration;
			buildSettings = {
				ARCHS = "$(ARCHS_STANDARD_64_BIT)";
				GCC_CHECK_RETURN_VALUE_OF_OPERATOR_NEW = YES;
				GCC_DEBUGGING_SYMBOLS = full;
				GCC_MODEL_TUNING = "";
				GCC_OPTIMIZATION_LEVEL = 0;
				GCC_WARN_64_TO_32_BIT_CONVERSION = YES;
				GCC_WARN_ABOUT_MISSING_FIELD_INITIALIZERS = YES;
				GCC_WARN_ABOUT_MISSING_NEWLINE = YES;
				GCC_WARN_ABOUT_MISSING_PROTOTYPES = YES;
				GCC_WARN_ABOUT_RETURN_TYPE = YES;
				GCC_WARN_CHECK_SWITCH_STATEMENTS = YES;
				GCC_WARN_EFFECTIVE_CPLUSPLUS_VIOLATIONS = YES;
				GCC_WARN_FOUR_CHARACTER_CONSTANTS = YES;
				GCC_WARN_HIDDEN_VIRTUAL_FUNCTIONS = YES;
				GCC_WARN_INITIALIZER_NOT_FULLY_BRACKETED = YES;
				GCC_WARN_MISSING_PARENTHESES = YES;
				GCC_WARN_MULTIPLE_DEFINITION_TYPES_FOR_SELECTOR = YES;
				GCC_WARN_NON_VIRTUAL_DESTRUCTOR = YES;
				GCC_WARN_PEDANTIC = YES;
				GCC_WARN_PROTOTYPE_CONVERSION = YES;
				GCC_WARN_SHADOW = YES;
				GCC_WARN_SIGN_COMPARE = YES;
				GCC_WARN_STRICT_SELECTOR_MATCH = YES;
				GCC_WARN_UNDECLARED_SELECTOR = YES;
				GCC_WARN_UNINITIALIZED_AUTOS = YES;
				GCC_WARN_UNKNOWN_PRAGMAS = YES;
				GCC_WARN_UNUSED_FUNCTION = YES;
				GCC_WARN_UNUSED_LABEL = YES;
				GCC_WARN_UNUSED_PARAMETER = YES;
				GCC_WARN_UNUSED_VALUE = YES;
				GCC_WARN_UNUSED_VARIABLE = YES;
				VALID_ARCHS = "x86_64 i386";
			};
			name = Debug;
		};
		233D26791108BF45002D0C6A /* Debug */ = {
			isa = XCBuildConfiguration;
			buildSettings = {
				PRODUCT_NAME = histogramd;
			};
			name = Debug;
		};
/* End XCBuildConfiguration section */

/* Begin XCConfigurationList section */
		233D26661108BE2A002D0C6A /* Build configuration list for PBXProject "histogramd" */ = {
			isa = XCConfigurationList;
			buildConfigurations = (
				233D26641108BE2A002D0C6A /* Debug */,
			);
			defaultConfigurationIsVisible = 0;
			defaultConfigurationName = Debug;
		};
		233D267B1108BF46002D0C6A /* Build configuration list for PBXNativeTarget "histogramd" */ = {
			isa = XCConfigurationList;
			buildConfigurations = (
				233D26791108BF45002D0C6A /* Debug */,
			);
			defaultConfigurationIsVisible = 0;
			defaultConfigurationName = Debug;
		};
/* End XCConfigurationList section */
	};
	rootObject = 233D26631108BE2A002D0C6A /* Project object */;
}
